
Microsoft Visual Studio Solution File, Format Version 12.00
# Visual Studio Version 17
VisualStudioVersion = 17.4.33213.308
MinimumVisualStudioVersion = 10.0.40219.1
Project("{FAE04EC0-301F-11D3-BF4B-00C04F79EFBC}") = "SchoolCare", "SchoolCare\SchoolCare.csproj", "{AAC170D9-A00C-4B17-924D-DCCA1ACC5CD6}"
EndProject
Global
	GlobalSection(SolutionConfigurationPlatforms) = preSolution
		Debug|Any CPU = Debug|Any CPU
		Release|Any CPU = Release|Any CPU
	EndGlobalSection
	GlobalSection(ProjectConfigurationPlatforms) = postSolution
		{AAC170D9-A00C-4B17-924D-DCCA1ACC5CD6}.Debug|Any CPU.ActiveCfg = Debug|Any CPU
		{AAC170D9-A00C-4B17-924D-DCCA1ACC5CD6}.Debug|Any CPU.Build.0 = Debug|Any CPU
		{AAC170D9-A00C-4B17-924D-DCCA1ACC5CD6}.Release|Any CPU.ActiveCfg = Release|Any CPU
		{AAC170D9-A00C-4B17-924D-DCCA1ACC5CD6}.Release|Any CPU.Build.0 = Release|Any CPU
	EndGlobalSection
	GlobalSection(SolutionProperties) = preSolution
		HideSolutionNode = FALSE
	EndGlobalSection
	GlobalSection(ExtensibilityGlobals) = postSolution
		SolutionGuid = {E36E2C64-92A4-4D8E-A88C-8ED534933172}
	EndGlobalSection
EndGlobal
